
Microsoft Visual Studio Solution File, Format Version 12.00
# Visual Studio Version 16
VisualStudioVersion = 16.0.28922.388
MinimumVisualStudioVersion = 10.0.40219.1
Project("{FAE04EC0-301F-11D3-BF4B-00C04F79EFBC}") = "ArtGallery", "ArtGallery\ArtGallery.csproj", "{0BDC855B-7872-4DC6-99FB-8FD65C34BB78}"
EndProject
Global
	GlobalSection(SolutionConfigurationPlatforms) = preSolution
		Debug|Any CPU = Debug|Any CPU
		Release|Any CPU = Release|Any CPU
	EndGlobalSection
	GlobalSection(ProjectConfigurationPlatforms) = postSolution
		{0BDC855B-7872-4DC6-99FB-8FD65C34BB78}.Debug|Any CPU.ActiveCfg = Debug|Any CPU
		{0BDC855B-7872-4DC6-99FB-8FD65C34BB78}.Debug|Any CPU.Build.0 = Debug|Any CPU
		{0BDC855B-7872-4DC6-99FB-8FD65C34BB78}.Release|Any CPU.ActiveCfg = Release|Any CPU
		{0BDC855B-7872-4DC6-99FB-8FD65C34BB78}.Release|Any CPU.Build.0 = Release|Any CPU
	EndGlobalSection
	GlobalSection(SolutionProperties) = preSolution
		HideSolutionNode = FALSE
	EndGlobalSection
	GlobalSection(ExtensibilityGlobals) = postSolution
		SolutionGuid = {91E1B76B-057D-4857-87EF-44A8D4A13C59}
	EndGlobalSection
EndGlobal
